PODS:
  - FlexLayout (1.3.8)
  - PinLayout (1.7.3)
  - SnapKit (4.0.0)

DEPENDENCIES:
  - FlexLayout
  - PinLayout
  - SnapKit

SPEC REPOS:
  https://github.com/CocoaPods/Specs.git:
    - FlexLayout
    - PinLayout
    - SnapKit

SPEC CHECKSUMS:
  FlexLayout: e129ad320add3a672b1a3dabc1584ea7cd90ae42
  PinLayout: 0c2e68dba036a291ca9278aa8b799f58506f2a6d
  SnapKit: a42d492c16e80209130a3379f73596c3454b7694

PODFILE CHECKSUM: 89a6717c9872f8ec62a30fb210f7efa155c85760

COCOAPODS: 1.5.0
